
Microsoft Visual Studio Solution File, Format Version 12.00
# Visual Studio Version 17
VisualStudioVersion = 17.13.35825.156
MinimumVisualStudioVersion = 10.0.40219.1
Project("{FAE04EC0-301F-11D3-BF4B-00C04F79EFBC}") = "SnClient", "SnClient.csproj", "{59826A41-0C10-41D3-8C84-59B06D208BCE}"
EndProject
Project("{FAE04EC0-301F-11D3-BF4B-00C04F79EFBC}") = "ProjBobcat", "..\ProjBobcat-1.40.0\ProjBobcat\ProjBobcat\ProjBobcat.csproj", "{E2A3AD9F-12BE-53ED-0E07-044DD5A738DD}"
EndProject
Global
	GlobalSection(SolutionConfigurationPlatforms) = preSolution
		Debug|Any CPU = Debug|Any CPU
		Release|Any CPU = Release|Any CPU
	EndGlobalSection
	GlobalSection(ProjectConfigurationPlatforms) = postSolution
		{59826A41-0C10-41D3-8C84-59B06D208BCE}.Debug|Any CPU.ActiveCfg = Debug|Any CPU
		{59826A41-0C10-41D3-8C84-59B06D208BCE}.Debug|Any CPU.Build.0 = Debug|Any CPU
		{59826A41-0C10-41D3-8C84-59B06D208BCE}.Debug|Any CPU.Deploy.0 = Debug|Any CPU
		{59826A41-0C10-41D3-8C84-59B06D208BCE}.Release|Any CPU.ActiveCfg = Release|Any CPU
		{59826A41-0C10-41D3-8C84-59B06D208BCE}.Release|Any CPU.Build.0 = Release|Any CPU
		{59826A41-0C10-41D3-8C84-59B06D208BCE}.Release|Any CPU.Deploy.0 = Release|Any CPU
		{E2A3AD9F-12BE-53ED-0E07-044DD5A738DD}.Debug|Any CPU.ActiveCfg = Debug|Any CPU
		{E2A3AD9F-12BE-53ED-0E07-044DD5A738DD}.Debug|Any CPU.Build.0 = Debug|Any CPU
		{E2A3AD9F-12BE-53ED-0E07-044DD5A738DD}.Release|Any CPU.ActiveCfg = Release|Any CPU
		{E2A3AD9F-12BE-53ED-0E07-044DD5A738DD}.Release|Any CPU.Build.0 = Release|Any CPU
	EndGlobalSection
	GlobalSection(SolutionProperties) = preSolution
		HideSolutionNode = FALSE
	EndGlobalSection
	GlobalSection(ExtensibilityGlobals) = postSolution
		SolutionGuid = {C4971FA6-B0C0-4E6A-A42D-D54F880D6038}
	EndGlobalSection
EndGlobal
